// !$*UTF8*$!
{
	archiveVersion = 1;
	classes = {
	};
	objectVersion = 48;
	objects = {

/* Begin PBXBuildFile section */
		98C41099E7E2B8A7460BC3B2 /* Pods_Babilon2.framework in Frameworks */ = {isa = PBXBuildFile; fileRef = 52982BCF7BA090F4CC861893 /* Pods_Babilon2.framework */; };
		FA130F591FCE942600F6A72B /* Account.swift in Sources */ = {isa = PBXBuildFile; fileRef = FA130F361FCE942600F6A72B /* Account.swift */; };
		FA130F5A1FCE942600F6A72B /* Address.swift in Sources */ = {isa = PBXBuildFile; fileRef = FA130F371FCE942600F6A72B /* Address.swift */; };
		FA130F5B1FCE942600F6A72B /* Block.swift in Sources */ = {isa = PBXBuildFile; fileRef = FA130F381FCE942600F6A72B /* Block.swift */; };
		FA130F5C1FCE942600F6A72B /* Bloom.swift in Sources */ = {isa = PBXBuildFile; fileRef = FA130F391FCE942600F6A72B /* Bloom.swift */; };
		FA130F5D1FCE942600F6A72B /* ChainID.swift in Sources */ = {isa = PBXBuildFile; fileRef = FA130F3A1FCE942600F6A72B /* ChainID.swift */; };
		FA130F5E1FCE942600F6A72B /* Context.swift in Sources */ = {isa = PBXBuildFile; fileRef = FA130F3B1FCE942600F6A72B /* Context.swift */; };
		FA130F5F1FCE942600F6A72B /* ERC20Token.swift in Sources */ = {isa = PBXBuildFile; fileRef = FA130F3C1FCE942600F6A72B /* ERC20Token.swift */; };
		FA130F601FCE942600F6A72B /* Error.swift in Sources */ = {isa = PBXBuildFile; fileRef = FA130F3D1FCE942600F6A72B /* Error.swift */; };
		FA130F611FCE942600F6A72B /* EthereumClient.swift in Sources */ = {isa = PBXBuildFile; fileRef = FA130F3E1FCE942600F6A72B /* EthereumClient.swift */; };
		FA130F621FCE942600F6A72B /* BigInt+Geth.swift in Sources */ = {isa = PBXBuildFile; fileRef = FA130F401FCE942600F6A72B /* BigInt+Geth.swift */; };
		FA130F631FCE942600F6A72B /* GethAddresses.swift in Sources */ = {isa = PBXBuildFile; fileRef = FA130F411FCE942600F6A72B /* GethAddresses.swift */; };
		FA130F641FCE942600F6A72B /* GethBigInt.swift in Sources */ = {isa = PBXBuildFile; fileRef = FA130F421FCE942600F6A72B /* GethBigInt.swift */; };
		FA130F651FCE942600F6A72B /* GethHashes.swift in Sources */ = {isa = PBXBuildFile; fileRef = FA130F431FCE942600F6A72B /* GethHashes.swift */; };
		FA130F661FCE942600F6A72B /* GethHeaders.swift in Sources */ = {isa = PBXBuildFile; fileRef = FA130F441FCE942600F6A72B /* GethHeaders.swift */; };
		FA130F671FCE942600F6A72B /* GethLogs.swift in Sources */ = {isa = PBXBuildFile; fileRef = FA130F451FCE942600F6A72B /* GethLogs.swift */; };
		FA130F681FCE942600F6A72B /* GethPeerInfos.swift in Sources */ = {isa = PBXBuildFile; fileRef = FA130F461FCE942600F6A72B /* GethPeerInfos.swift */; };
		FA130F691FCE942600F6A72B /* GethStrings.swift in Sources */ = {isa = PBXBuildFile; fileRef = FA130F471FCE942600F6A72B /* GethStrings.swift */; };
		FA130F6A1FCE942600F6A72B /* GethTopics.swift in Sources */ = {isa = PBXBuildFile; fileRef = FA130F481FCE942600F6A72B /* GethTopics.swift */; };
		FA130F6B1FCE942600F6A72B /* GethTransactions.swift in Sources */ = {isa = PBXBuildFile; fileRef = FA130F491FCE942600F6A72B /* GethTransactions.swift */; };
		FA130F6C1FCE942600F6A72B /* FilterQuery.swift in Sources */ = {isa = PBXBuildFile; fileRef = FA130F4A1FCE942600F6A72B /* FilterQuery.swift */; };
		FA130F6D1FCE942600F6A72B /* Geth.swift in Sources */ = {isa = PBXBuildFile; fileRef = FA130F4B1FCE942600F6A72B /* Geth.swift */; };
		FA130F6E1FCE942600F6A72B /* Hash.swift in Sources */ = {isa = PBXBuildFile; fileRef = FA130F4C1FCE942600F6A72B /* Hash.swift */; };
		FA130F6F1FCE942600F6A72B /* Header.swift in Sources */ = {isa = PBXBuildFile; fileRef = FA130F4D1FCE942600F6A72B /* Header.swift */; };
		FA130F701FCE942600F6A72B /* KeyStore.swift in Sources */ = {isa = PBXBuildFile; fileRef = FA130F4E1FCE942600F6A72B /* KeyStore.swift */; };
		FA130F711FCE942600F6A72B /* Log.swift in Sources */ = {isa = PBXBuildFile; fileRef = FA130F4F1FCE942600F6A72B /* Log.swift */; };
		FA130F721FCE942600F6A72B /* Message.swift in Sources */ = {isa = PBXBuildFile; fileRef = FA130F501FCE942600F6A72B /* Message.swift */; };
		FA130F731FCE942600F6A72B /* Node.swift in Sources */ = {isa = PBXBuildFile; fileRef = FA130F511FCE942600F6A72B /* Node.swift */; };
		FA130F741FCE942600F6A72B /* NodeConfig.swift in Sources */ = {isa = PBXBuildFile; fileRef = FA130F521FCE942600F6A72B /* NodeConfig.swift */; };
		FA130F751FCE942600F6A72B /* NodeInfo.swift in Sources */ = {isa = PBXBuildFile; fileRef = FA130F531FCE942600F6A72B /* NodeInfo.swift */; };
		FA130F761FCE942600F6A72B /* Nonce.swift in Sources */ = {isa = PBXBuildFile; fileRef = FA130F541FCE942600F6A72B /* Nonce.swift */; };
		FA130F771FCE942600F6A72B /* PeerInfo.swift in Sources */ = {isa = PBXBuildFile; fileRef = FA130F551FCE942600F6A72B /* PeerInfo.swift */; };
		FA130F781FCE942600F6A72B /* SyncProgress.swift in Sources */ = {isa = PBXBuildFile; fileRef = FA130F561FCE942600F6A72B /* SyncProgress.swift */; };
		FA130F791FCE942600F6A72B /* Transaction.swift in Sources */ = {isa = PBXBuildFile; fileRef = FA130F571FCE942600F6A72B /* Transaction.swift */; };
		FA130F7A1FCE942600F6A72B /* TransactOptions.swift in Sources */ = {isa = PBXBuildFile; fileRef = FA130F581FCE942600F6A72B /* TransactOptions.swift */; };
		FA130F871FCEF70D00F6A72B /* BigInt.swift in Sources */ = {isa = PBXBuildFile; fileRef = FA130F7D1FCEF70D00F6A72B /* BigInt.swift */; };
		FA130F881FCEF70D00F6A72B /* Int64.swift in Sources */ = {isa = PBXBuildFile; fileRef = FA130F7E1FCEF70D00F6A72B /* Int64.swift */; };
		FA130F891FCEF70D00F6A72B /* String.swift in Sources */ = {isa = PBXBuildFile; fileRef = FA130F7F1FCEF70D00F6A72B /* String.swift */; };
		FA130F8A1FCEF70D00F6A72B /* TimeInterval.swift in Sources */ = {isa = PBXBuildFile; fileRef = FA130F801FCEF70D00F6A72B /* TimeInterval.swift */; };
		FA130F8B1FCEF70D00F6A72B /* BlockNumber.swift in Sources */ = {isa = PBXBuildFile; fileRef = FA130F821FCEF70D00F6A72B /* BlockNumber.swift */; };
		FA130F8C1FCEF70D00F6A72B /* Gas.swift in Sources */ = {isa = PBXBuildFile; fileRef = FA130F831FCEF70D00F6A72B /* Gas.swift */; };
		FA130F8D1FCEF70D00F6A72B /* JSONDictionary.swift in Sources */ = {isa = PBXBuildFile; fileRef = FA130F841FCEF70D00F6A72B /* JSONDictionary.swift */; };
		FA130F8E1FCEF70D00F6A72B /* Topic.swift in Sources */ = {isa = PBXBuildFile; fileRef = FA130F851FCEF70D00F6A72B /* Topic.swift */; };
		FA130F8F1FCEF70D00F6A72B /* Wei.swift in Sources */ = {isa = PBXBuildFile; fileRef = FA130F861FCEF70D00F6A72B /* Wei.swift */; };
		FA279EB71FD114C200AA8F87 /* Babilon_launch.001.jpeg in Resources */ = {isa = PBXBuildFile; fileRef = FA279EB61FD114C200AA8F87 /* Babilon_launch.001.jpeg */; };
		FA5AD6451FC07AD400A83F07 /* InfoViewController.swift in Sources */ = {isa = PBXBuildFile; fileRef = FA5AD6441FC07AD400A83F07 /* InfoViewController.swift */; };
		FA5AD6491FC315AD00A83F07 /* TransactionViewController.swift in Sources */ = {isa = PBXBuildFile; fileRef = FA5AD6481FC315AD00A83F07 /* TransactionViewController.swift */; };
		FA5AD64B1FC3E43000A83F07 /* node_modules in Resources */ = {isa = PBXBuildFile; fileRef = FA5AD64A1FC3E42F00A83F07 /* node_modules */; };
		FA5AD6661FCA84C100A83F07 /* BabilonTabBarController.swift in Sources */ = {isa = PBXBuildFile; fileRef = FA5AD6651FCA84C000A83F07 /* BabilonTabBarController.swift */; };
		FA5AD6681FCAB92800A83F07 /* BalanceHandler.swift in Sources */ = {isa = PBXBuildFile; fileRef = FA5AD6671FCAB92800A83F07 /* BalanceHandler.swift */; };
		FABB89D91FC0236B00C5F442 /* AppDelegate.swift in Sources */ = {isa = PBXBuildFile; fileRef = FABB89D81FC0236B00C5F442 /* AppDelegate.swift */; };
		FABB89DB1FC0236B00C5F442 /* ViewController.swift in Sources */ = {isa = PBXBuildFile; fileRef = FABB89DA1FC0236B00C5F442 /* ViewController.swift */; };
		FABB89DE1FC0236B00C5F442 /* Main.storyboard in Resources */ = {isa = PBXBuildFile; fileRef = FABB89DC1FC0236B00C5F442 /* Main.storyboard */; };
		FABB89E01FC0236B00C5F442 /* Assets.xcassets in Resources */ = {isa = PBXBuildFile; fileRef = FABB89DF1FC0236B00C5F442 /* Assets.xcassets */; };
		FABB89E31FC0236B00C5F442 /* LaunchScreen.storyboard in Resources */ = {isa = PBXBuildFile; fileRef = FABB89E11FC0236B00C5F442 /* LaunchScreen.storyboard */; };
/* End PBXBuildFile section */

/* Begin PBXFileReference section */
		52982BCF7BA090F4CC861893 /* Pods_Babilon2.framework */ = {isa = PBXFileReference; explicitFileType = wrapper.framework; includeInIndex = 0; path = Pods_Babilon2.framework; sourceTree = BUILT_PRODUCTS_DIR; };
		A60956EF32DD7662CC30A5F0 /* Pods-Babilon2.release.xcconfig */ = {isa = PBXFileReference; includeInIndex = 1; lastKnownFileType = text.xcconfig; name = "Pods-Babilon2.release.xcconfig"; path = "Pods/Target Support Files/Pods-Babilon2/Pods-Babilon2.release.xcconfig"; sourceTree = "<group>"; };
		ACD78A27B72A1FBAB96FD391 /* Pods-Babilon2.debug.xcconfig */ = {isa = PBXFileReference; includeInIndex = 1; lastKnownFileType = text.xcconfig; name = "Pods-Babilon2.debug.xcconfig"; path = "Pods/Target Support Files/Pods-Babilon2/Pods-Babilon2.debug.xcconfig"; sourceTree = "<group>"; };
		FA130F361FCE942600F6A72B /* Account.swift */ = {isa = PBXFileReference; fileEncoding = 4; lastKnownFileType = sourcecode.swift; path = Account.swift; sourceTree = "<group>"; };
		FA130F371FCE942600F6A72B /* Address.swift */ = {isa = PBXFileReference; fileEncoding = 4; lastKnownFileType = sourcecode.swift; path = Address.swift; sourceTree = "<group>"; };
		FA130F381FCE942600F6A72B /* Block.swift */ = {isa = PBXFileReference; fileEncoding = 4; lastKnownFileType = sourcecode.swift; path = Block.swift; sourceTree = "<group>"; };
		FA130F391FCE942600F6A72B /* Bloom.swift */ = {isa = PBXFileReference; fileEncoding = 4; lastKnownFileType = sourcecode.swift; path = Bloom.swift; sourceTree = "<group>"; };
		FA130F3A1FCE942600F6A72B /* ChainID.swift */ = {isa = PBXFileReference; fileEncoding = 4; lastKnownFileType = sourcecode.swift; path = ChainID.swift; sourceTree = "<group>"; };
		FA130F3B1FCE942600F6A72B /* Context.swift */ = {isa = PBXFileReference; fileEncoding = 4; lastKnownFileType = sourcecode.swift; path = Context.swift; sourceTree = "<group>"; };
		FA130F3C1FCE942600F6A72B /* ERC20Token.swift */ = {isa = PBXFileReference; fileEncoding = 4; lastKnownFileType = sourcecode.swift; path = ERC20Token.swift; sourceTree = "<group>"; };
		FA130F3D1FCE942600F6A72B /* Error.swift */ = {isa = PBXFileReference; fileEncoding = 4; lastKnownFileType = sourcecode.swift; path = Error.swift; sourceTree = "<group>"; };
		FA130F3E1FCE942600F6A72B /* EthereumClient.swift */ = {isa = PBXFileReference; fileEncoding = 4; lastKnownFileType = sourcecode.swift; path = EthereumClient.swift; sourceTree = "<group>"; };
		FA130F401FCE942600F6A72B /* BigInt+Geth.swift */ = {isa = PBXFileReference; fileEncoding = 4; lastKnownFileType = sourcecode.swift; path = "BigInt+Geth.swift"; sourceTree = "<group>"; };
		FA130F411FCE942600F6A72B /* GethAddresses.swift */ = {isa = PBXFileReference; fileEncoding = 4; lastKnownFileType = sourcecode.swift; path = GethAddresses.swift; sourceTree = "<group>"; };
		FA130F421FCE942600F6A72B /* GethBigInt.swift */ = {isa = PBXFileReference; fileEncoding = 4; lastKnownFileType = sourcecode.swift; path = GethBigInt.swift; sourceTree = "<group>"; };
		FA130F431FCE942600F6A72B /* GethHashes.swift */ = {isa = PBXFileReference; fileEncoding = 4; lastKnownFileType = sourcecode.swift; path = GethHashes.swift; sourceTree = "<group>"; };
		FA130F441FCE942600F6A72B /* GethHeaders.swift */ = {isa = PBXFileReference; fileEncoding = 4; lastKnownFileType = sourcecode.swift; path = GethHeaders.swift; sourceTree = "<group>"; };
		FA130F451FCE942600F6A72B /* GethLogs.swift */ = {isa = PBXFileReference; fileEncoding = 4; lastKnownFileType = sourcecode.swift; path = GethLogs.swift; sourceTree = "<group>"; };
		FA130F461FCE942600F6A72B /* GethPeerInfos.swift */ = {isa = PBXFileReference; fileEncoding = 4; lastKnownFileType = sourcecode.swift; path = GethPeerInfos.swift; sourceTree = "<group>"; };
		FA130F471FCE942600F6A72B /* GethStrings.swift */ = {isa = PBXFileReference; fileEncoding = 4; lastKnownFileType = sourcecode.swift; path = GethStrings.swift; sourceTree = "<group>"; };
		FA130F481FCE942600F6A72B /* GethTopics.swift */ = {isa = PBXFileReference; fileEncoding = 4; lastKnownFileType = sourcecode.swift; path = GethTopics.swift; sourceTree = "<group>"; };
		FA130F491FCE942600F6A72B /* GethTransactions.swift */ = {isa = PBXFileReference; fileEncoding = 4; lastKnownFileType = sourcecode.swift; path = GethTransactions.swift; sourceTree = "<group>"; };
		FA130F4A1FCE942600F6A72B /* FilterQuery.swift */ = {isa = PBXFileReference; fileEncoding = 4; lastKnownFileType = sourcecode.swift; path = FilterQuery.swift; sourceTree = "<group>"; };
		FA130F4B1FCE942600F6A72B /* Geth.swift */ = {isa = PBXFileReference; fileEncoding = 4; lastKnownFileType = sourcecode.swift; path = Geth.swift; sourceTree = "<group>"; };
		FA130F4C1FCE942600F6A72B /* Hash.swift */ = {isa = PBXFileReference; fileEncoding = 4; lastKnownFileType = sourcecode.swift; path = Hash.swift; sourceTree = "<group>"; };
		FA130F4D1FCE942600F6A72B /* Header.swift */ = {isa = PBXFileReference; fileEncoding = 4; lastKnownFileType = sourcecode.swift; path = Header.swift; sourceTree = "<group>"; };
		FA130F4E1FCE942600F6A72B /* KeyStore.swift */ = {isa = PBXFileReference; fileEncoding = 4; lastKnownFileType = sourcecode.swift; path = KeyStore.swift; sourceTree = "<group>"; };
		FA130F4F1FCE942600F6A72B /* Log.swift */ = {isa = PBXFileReference; fileEncoding = 4; lastKnownFileType = sourcecode.swift; path = Log.swift; sourceTree = "<group>"; };
		FA130F501FCE942600F6A72B /* Message.swift */ = {isa = PBXFileReference; fileEncoding = 4; lastKnownFileType = sourcecode.swift; path = Message.swift; sourceTree = "<group>"; };
		FA130F511FCE942600F6A72B /* Node.swift */ = {isa = PBXFileReference; fileEncoding = 4; lastKnownFileType = sourcecode.swift; path = Node.swift; sourceTree = "<group>"; };
		FA130F521FCE942600F6A72B /* NodeConfig.swift */ = {isa = PBXFileReference; fileEncoding = 4; lastKnownFileType = sourcecode.swift; path = NodeConfig.swift; sourceTree = "<group>"; };
		FA130F531FCE942600F6A72B /* NodeInfo.swift */ = {isa = PBXFileReference; fileEncoding = 4; lastKnownFileType = sourcecode.swift; path = NodeInfo.swift; sourceTree = "<group>"; };
		FA130F541FCE942600F6A72B /* Nonce.swift */ = {isa = PBXFileReference; fileEncoding = 4; lastKnownFileType = sourcecode.swift; path = Nonce.swift; sourceTree = "<group>"; };
		FA130F551FCE942600F6A72B /* PeerInfo.swift */ = {isa = PBXFileReference; fileEncoding = 4; lastKnownFileType = sourcecode.swift; path = PeerInfo.swift; sourceTree = "<group>"; };
		FA130F561FCE942600F6A72B /* SyncProgress.swift */ = {isa = PBXFileReference; fileEncoding = 4; lastKnownFileType = sourcecode.swift; path = SyncProgress.swift; sourceTree = "<group>"; };
		FA130F571FCE942600F6A72B /* Transaction.swift */ = {isa = PBXFileReference; fileEncoding = 4; lastKnownFileType = sourcecode.swift; path = Transaction.swift; sourceTree = "<group>"; };
		FA130F581FCE942600F6A72B /* TransactOptions.swift */ = {isa = PBXFileReference; fileEncoding = 4; lastKnownFileType = sourcecode.swift; path = TransactOptions.swift; sourceTree = "<group>"; };
		FA130F7D1FCEF70D00F6A72B /* BigInt.swift */ = {isa = PBXFileReference; fileEncoding = 4; lastKnownFileType = sourcecode.swift; path = BigInt.swift; sourceTree = "<group>"; };
		FA130F7E1FCEF70D00F6A72B /* Int64.swift */ = {isa = PBXFileReference; fileEncoding = 4; lastKnownFileType = sourcecode.swift; path = Int64.swift; sourceTree = "<group>"; };
		FA130F7F1FCEF70D00F6A72B /* String.swift */ = {isa = PBXFileReference; fileEncoding = 4; lastKnownFileType = sourcecode.swift; path = String.swift; sourceTree = "<group>"; };
		FA130F801FCEF70D00F6A72B /* TimeInterval.swift */ = {isa = PBXFileReference; fileEncoding = 4; lastKnownFileType = sourcecode.swift; path = TimeInterval.swift; sourceTree = "<group>"; };
		FA130F821FCEF70D00F6A72B /* BlockNumber.swift */ = {isa = PBXFileReference; fileEncoding = 4; lastKnownFileType = sourcecode.swift; path = BlockNumber.swift; sourceTree = "<group>"; };
		FA130F831FCEF70D00F6A72B /* Gas.swift */ = {isa = PBXFileReference; fileEncoding = 4; lastKnownFileType = sourcecode.swift; path = Gas.swift; sourceTree = "<group>"; };
		FA130F841FCEF70D00F6A72B /* JSONDictionary.swift */ = {isa = PBXFileReference; fileEncoding = 4; lastKnownFileType = sourcecode.swift; path = JSONDictionary.swift; sourceTree = "<group>"; };
		FA130F851FCEF70D00F6A72B /* Topic.swift */ = {isa = PBXFileReference; fileEncoding = 4; lastKnownFileType = sourcecode.swift; path = Topic.swift; sourceTree = "<group>"; };
		FA130F861FCEF70D00F6A72B /* Wei.swift */ = {isa = PBXFileReference; fileEncoding = 4; lastKnownFileType = sourcecode.swift; path = Wei.swift; sourceTree = "<group>"; };
		FA279EB61FD114C200AA8F87 /* Babilon_launch.001.jpeg */ = {isa = PBXFileReference; lastKnownFileType = image.jpeg; path = Babilon_launch.001.jpeg; sourceTree = "<group>"; };
		FA5AD6431FC0735F00A83F07 /* Babilon2.entitlements */ = {isa = PBXFileReference; lastKnownFileType = text.plist.entitlements; path = Babilon2.entitlements; sourceTree = "<group>"; };
		FA5AD6441FC07AD400A83F07 /* InfoViewController.swift */ = {isa = PBXFileReference; lastKnownFileType = sourcecode.swift; path = InfoViewController.swift; sourceTree = "<group>"; };
		FA5AD6481FC315AD00A83F07 /* TransactionViewController.swift */ = {isa = PBXFileReference; lastKnownFileType = sourcecode.swift; path = TransactionViewController.swift; sourceTree = "<group>"; };
		FA5AD64A1FC3E42F00A83F07 /* node_modules */ = {isa = PBXFileReference; lastKnownFileType = folder; path = node_modules; sourceTree = "<group>"; };
		FA5AD64C1FC3E46500A83F07 /* package.json */ = {isa = PBXFileReference; lastKnownFileType = text.json; path = package.json; sourceTree = "<group>"; };
		FA5AD6651FCA84C000A83F07 /* BabilonTabBarController.swift */ = {isa = PBXFileReference; lastKnownFileType = sourcecode.swift; path = BabilonTabBarController.swift; sourceTree = "<group>"; };
		FA5AD6671FCAB92800A83F07 /* BalanceHandler.swift */ = {isa = PBXFileReference; lastKnownFileType = sourcecode.swift; path = BalanceHandler.swift; sourceTree = "<group>"; };
		FABB89D51FC0236B00C5F442 /* Babilon2.app */ = {isa = PBXFileReference; explicitFileType = wrapper.application; includeInIndex = 0; path = Babilon2.app; sourceTree = BUILT_PRODUCTS_DIR; };
		FABB89D81FC0236B00C5F442 /* AppDelegate.swift */ = {isa = PBXFileReference; lastKnownFileType = sourcecode.swift; path = AppDelegate.swift; sourceTree = "<group>"; };
		FABB89DA1FC0236B00C5F442 /* ViewController.swift */ = {isa = PBXFileReference; lastKnownFileType = sourcecode.swift; path = ViewController.swift; sourceTree = "<group>"; };
		FABB89DD1FC0236B00C5F442 /* Base */ = {isa = PBXFileReference; lastKnownFileType = file.storyboard; name = Base; path = Base.lproj/Main.storyboard; sourceTree = "<group>"; };
		FABB89DF1FC0236B00C5F442 /* Assets.xcassets */ = {isa = PBXFileReference; lastKnownFileType = folder.assetcatalog; path = Assets.xcassets; sourceTree = "<group>"; };
		FABB89E21FC0236B00C5F442 /* Base */ = {isa = PBXFileReference; lastKnownFileType = file.storyboard; name = Base; path = Base.lproj/LaunchScreen.storyboard; sourceTree = "<group>"; };
		FABB89E41FC0236B00C5F442 /* Info.plist */ = {isa = PBXFileReference; lastKnownFileType = text.plist.xml; path = Info.plist; sourceTree = "<group>"; };
/* End PBXFileReference section */

/* Begin PBXFrameworksBuildPhase section */
		FABB89D21FC0236B00C5F442 /* Frameworks */ = {
			isa = PBXFrameworksBuildPhase;
			buildActionMask = 2147483647;
			files = (
				98C41099E7E2B8A7460BC3B2 /* Pods_Babilon2.framework in Frameworks */,
			);
			runOnlyForDeploymentPostprocessing = 0;
		};
/* End PBXFrameworksBuildPhase section */

/* Begin PBXGroup section */
		5767BB3C69A9E2B584C177AA /* Frameworks */ = {
			isa = PBXGroup;
			children = (
				52982BCF7BA090F4CC861893 /* Pods_Babilon2.framework */,
			);
			name = Frameworks;
			sourceTree = "<group>";
		};
		7F4C8BFA9045C3FF575F400B /* Pods */ = {
			isa = PBXGroup;
			children = (
				ACD78A27B72A1FBAB96FD391 /* Pods-Babilon2.debug.xcconfig */,
				A60956EF32DD7662CC30A5F0 /* Pods-Babilon2.release.xcconfig */,
			);
			name = Pods;
			sourceTree = "<group>";
		};
		FA130F351FCE942600F6A72B /* Geth */ = {
			isa = PBXGroup;
			children = (
				FA130F361FCE942600F6A72B /* Account.swift */,
				FA130F371FCE942600F6A72B /* Address.swift */,
				FA130F381FCE942600F6A72B /* Block.swift */,
				FA130F391FCE942600F6A72B /* Bloom.swift */,
				FA130F3A1FCE942600F6A72B /* ChainID.swift */,
				FA130F3B1FCE942600F6A72B /* Context.swift */,
				FA130F3C1FCE942600F6A72B /* ERC20Token.swift */,
				FA130F3D1FCE942600F6A72B /* Error.swift */,
				FA130F3E1FCE942600F6A72B /* EthereumClient.swift */,
				FA130F3F1FCE942600F6A72B /* Extensions */,
				FA130F4A1FCE942600F6A72B /* FilterQuery.swift */,
				FA130F4B1FCE942600F6A72B /* Geth.swift */,
				FA130F4C1FCE942600F6A72B /* Hash.swift */,
				FA130F4D1FCE942600F6A72B /* Header.swift */,
				FA130F4E1FCE942600F6A72B /* KeyStore.swift */,
				FA130F4F1FCE942600F6A72B /* Log.swift */,
				FA130F501FCE942600F6A72B /* Message.swift */,
				FA130F511FCE942600F6A72B /* Node.swift */,
				FA130F521FCE942600F6A72B /* NodeConfig.swift */,
				FA130F531FCE942600F6A72B /* NodeInfo.swift */,
				FA130F541FCE942600F6A72B /* Nonce.swift */,
				FA130F551FCE942600F6A72B /* PeerInfo.swift */,
				FA130F561FCE942600F6A72B /* SyncProgress.swift */,
				FA130F571FCE942600F6A72B /* Transaction.swift */,
				FA130F581FCE942600F6A72B /* TransactOptions.swift */,
			);
			name = Geth;
			path = "../../../Swifthereum-master/Swifthereum/Classes/Geth";
			sourceTree = "<group>";
		};
		FA130F3F1FCE942600F6A72B /* Extensions */ = {
			isa = PBXGroup;
			children = (
				FA130F401FCE942600F6A72B /* BigInt+Geth.swift */,
				FA130F411FCE942600F6A72B /* GethAddresses.swift */,
				FA130F421FCE942600F6A72B /* GethBigInt.swift */,
				FA130F431FCE942600F6A72B /* GethHashes.swift */,
				FA130F441FCE942600F6A72B /* GethHeaders.swift */,
				FA130F451FCE942600F6A72B /* GethLogs.swift */,
				FA130F461FCE942600F6A72B /* GethPeerInfos.swift */,
				FA130F471FCE942600F6A72B /* GethStrings.swift */,
				FA130F481FCE942600F6A72B /* GethTopics.swift */,
				FA130F491FCE942600F6A72B /* GethTransactions.swift */,
			);
			path = Extensions;
			sourceTree = "<group>";
		};
		FA130F7B1FCEF70D00F6A72B /* Common */ = {
			isa = PBXGroup;
			children = (
				FA130F7C1FCEF70D00F6A72B /* Extensions */,
				FA130F811FCEF70D00F6A72B /* Typealias */,
			);
			path = Common;
			sourceTree = "<group>";
		};
		FA130F7C1FCEF70D00F6A72B /* Extensions */ = {
			isa = PBXGroup;
			children = (
				FA130F7D1FCEF70D00F6A72B /* BigInt.swift */,
				FA130F7E1FCEF70D00F6A72B /* Int64.swift */,
				FA130F7F1FCEF70D00F6A72B /* String.swift */,
				FA130F801FCEF70D00F6A72B /* TimeInterval.swift */,
			);
			path = Extensions;
			sourceTree = "<group>";
		};
		FA130F811FCEF70D00F6A72B /* Typealias */ = {
			isa = PBXGroup;
			children = (
				FA130F821FCEF70D00F6A72B /* BlockNumber.swift */,
				FA130F831FCEF70D00F6A72B /* Gas.swift */,
				FA130F841FCEF70D00F6A72B /* JSONDictionary.swift */,
				FA130F851FCEF70D00F6A72B /* Topic.swift */,
				FA130F861FCEF70D00F6A72B /* Wei.swift */,
			);
			path = Typealias;
			sourceTree = "<group>";
		};
		FA5AD6691FCAB94100A83F07 /* Core */ = {
			isa = PBXGroup;
			children = (
				FA5AD6671FCAB92800A83F07 /* BalanceHandler.swift */,
				FA5AD6441FC07AD400A83F07 /* InfoViewController.swift */,
			);
			path = Core;
			sourceTree = "<group>";
		};
		FABB89CC1FC0236B00C5F442 = {
			isa = PBXGroup;
			children = (
				FABB89D71FC0236B00C5F442 /* Babilon2 */,
				FABB89D61FC0236B00C5F442 /* Products */,
				7F4C8BFA9045C3FF575F400B /* Pods */,
				5767BB3C69A9E2B584C177AA /* Frameworks */,
			);
			sourceTree = "<group>";
		};
		FABB89D61FC0236B00C5F442 /* Products */ = {
			isa = PBXGroup;
			children = (
				FABB89D51FC0236B00C5F442 /* Babilon2.app */,
			);
			name = Products;
			sourceTree = "<group>";
		};
		FABB89D71FC0236B00C5F442 /* Babilon2 */ = {
			isa = PBXGroup;
			children = (
				FA279EB61FD114C200AA8F87 /* Babilon_launch.001.jpeg */,
				FA130F7B1FCEF70D00F6A72B /* Common */,
				FA130F351FCE942600F6A72B /* Geth */,
				FA5AD6431FC0735F00A83F07 /* Babilon2.entitlements */,
				FABB89D81FC0236B00C5F442 /* AppDelegate.swift */,
				FABB89DA1FC0236B00C5F442 /* ViewController.swift */,
				FABB89DC1FC0236B00C5F442 /* Main.storyboard */,
				FA5AD6651FCA84C000A83F07 /* BabilonTabBarController.swift */,
				FA5AD6481FC315AD00A83F07 /* TransactionViewController.swift */,
				FA5AD6691FCAB94100A83F07 /* Core */,
				FA5AD64C1FC3E46500A83F07 /* package.json */,
				FA5AD64A1FC3E42F00A83F07 /* node_modules */,
				FABB89DF1FC0236B00C5F442 /* Assets.xcassets */,
				FABB89E11FC0236B00C5F442 /* LaunchScreen.storyboard */,
				FABB89E41FC0236B00C5F442 /* Info.plist */,
			);
			path = Babilon2;
			sourceTree = "<group>";
		};
/* End PBXGroup section */

/* Begin PBXNativeTarget section */
		FABB89D41FC0236B00C5F442 /* Babilon2 */ = {
			isa = PBXNativeTarget;
			buildConfigurationList = FABB89E71FC0236B00C5F442 /* Build configuration list for PBXNativeTarget "Babilon2" */;
			buildPhases = (
				4896F9240DB98FE96994833D /* [CP] Check Pods Manifest.lock */,
				FABB89D11FC0236B00C5F442 /* Sources */,
				FABB89D21FC0236B00C5F442 /* Frameworks */,
				FABB89D31FC0236B00C5F442 /* Resources */,
				EE98627E1EF2F03CE041FB34 /* [CP] Embed Pods Frameworks */,
				99738499C6EC37E52AE52AC2 /* [CP] Copy Pods Resources */,
			);
			buildRules = (
			);
			dependencies = (
			);
			name = Babilon2;
			productName = Babilon2;
			productReference = FABB89D51FC0236B00C5F442 /* Babilon2.app */;
			productType = "com.apple.product-type.application";
		};
/* End PBXNativeTarget section */

/* Begin PBXProject section */
		FABB89CD1FC0236B00C5F442 /* Project object */ = {
			isa = PBXProject;
			attributes = {
				LastSwiftUpdateCheck = 0910;
				LastUpgradeCheck = 0910;
				ORGANIZATIONNAME = yuya;
				TargetAttributes = {
					FABB89D41FC0236B00C5F442 = {
						CreatedOnToolsVersion = 9.1;
						ProvisioningStyle = Automatic;
						SystemCapabilities = {
							com.apple.Keychain = {
								enabled = 1;
							};
						};
					};
				};
			};
			buildConfigurationList = FABB89D01FC0236B00C5F442 /* Build configuration list for PBXProject "Babilon2" */;
			compatibilityVersion = "Xcode 8.0";
			developmentRegion = en;
			hasScannedForEncodings = 0;
			knownRegions = (
				en,
				Base,
			);
			mainGroup = FABB89CC1FC0236B00C5F442;
			productRefGroup = FABB89D61FC0236B00C5F442 /* Products */;
			projectDirPath = "";
			projectRoot = "";
			targets = (
				FABB89D41FC0236B00C5F442 /* Babilon2 */,
			);
		};
/* End PBXProject section */

/* Begin PBXResourcesBuildPhase section */
		FABB89D31FC0236B00C5F442 /* Resources */ = {
			isa = PBXResourcesBuildPhase;
			buildActionMask = 2147483647;
			files = (
				FA279EB71FD114C200AA8F87 /* Babilon_launch.001.jpeg in Resources */,
				FABB89E31FC0236B00C5F442 /* LaunchScreen.storyboard in Resources */,
				FABB89E01FC0236B00C5F442 /* Assets.xcassets in Resources */,
				FA5AD64B1FC3E43000A83F07 /* node_modules in Resources */,
				FABB89DE1FC0236B00C5F442 /* Main.storyboard in Resources */,
			);
			runOnlyForDeploymentPostprocessing = 0;
		};
/* End PBXResourcesBuildPhase section */

/* Begin PBXShellScriptBuildPhase section */
		4896F9240DB98FE96994833D /* [CP] Check Pods Manifest.lock */ = {
			isa = PBXShellScriptBuildPhase;
			buildActionMask = 2147483647;
			files = (
			);
			inputPaths = (
				"${PODS_PODFILE_DIR_PATH}/Podfile.lock",
				"${PODS_ROOT}/Manifest.lock",
			);
			name = "[CP] Check Pods Manifest.lock";
			outputPaths = (
				"$(DERIVED_FILE_DIR)/Pods-Babilon2-checkManifestLockResult.txt",
			);
			runOnlyForDeploymentPostprocessing = 0;
			shellPath = /bin/sh;
			shellScript = "diff \"${PODS_PODFILE_DIR_PATH}/Podfile.lock\" \"${PODS_ROOT}/Manifest.lock\" > /dev/null\nif [ $? != 0 ] ; then\n    # print error to STDERR\n    echo \"error: The sandbox is not in sync with the Podfile.lock. Run 'pod install' or update your CocoaPods installation.\" >&2\n    exit 1\nfi\n# This output is used by Xcode 'outputs' to avoid re-running this script phase.\necho \"SUCCESS\" > \"${SCRIPT_OUTPUT_FILE_0}\"\n";
			showEnvVarsInLog = 0;
		};
		99738499C6EC37E52AE52AC2 /* [CP] Copy Pods Resources */ = {
			isa = PBXShellScriptBuildPhase;
			buildActionMask = 2147483647;
			files = (
			);
			inputPaths = (
			);
			name = "[CP] Copy Pods Resources";
			outputPaths = (
			);
			runOnlyForDeploymentPostprocessing = 0;
			shellPath = /bin/sh;
			shellScript = "\"${SRCROOT}/Pods/Target Support Files/Pods-Babilon2/Pods-Babilon2-resources.sh\"\n";
			showEnvVarsInLog = 0;
		};
		EE98627E1EF2F03CE041FB34 /* [CP] Embed Pods Frameworks */ = {
			isa = PBXShellScriptBuildPhase;
			buildActionMask = 2147483647;
			files = (
			);
			inputPaths = (
				"${SRCROOT}/Pods/Target Support Files/Pods-Babilon2/Pods-Babilon2-frameworks.sh",
				"${BUILT_PRODUCTS_DIR}/BigInt/BigInt.framework",
				"${BUILT_PRODUCTS_DIR}/KeychainAccess/KeychainAccess.framework",
				"${BUILT_PRODUCTS_DIR}/SipHash/SipHash.framework",
			);
			name = "[CP] Embed Pods Frameworks";
			outputPaths = (
				"${TARGET_BUILD_DIR}/${FRAMEWORKS_FOLDER_PATH}/BigInt.framework",
				"${TARGET_BUILD_DIR}/${FRAMEWORKS_FOLDER_PATH}/KeychainAccess.framework",
				"${TARGET_BUILD_DIR}/${FRAMEWORKS_FOLDER_PATH}/SipHash.framework",
			);
			runOnlyForDeploymentPostprocessing = 0;
			shellPath = /bin/sh;
			shellScript = "\"${SRCROOT}/Pods/Target Support Files/Pods-Babilon2/Pods-Babilon2-frameworks.sh\"\n";
			showEnvVarsInLog = 0;
		};
/* End PBXShellScriptBuildPhase section */

/* Begin PBXSourcesBuildPhase section */
		FABB89D11FC0236B00C5F442 /* Sources */ = {
			isa = PBXSourcesBuildPhase;
			buildActionMask = 2147483647;
			files = (
				FA130F651FCE942600F6A72B /* GethHashes.swift in Sources */,
				FABB89DB1FC0236B00C5F442 /* ViewController.swift in Sources */,
				FA130F891FCEF70D00F6A72B /* String.swift in Sources */,
				FA5AD6451FC07AD400A83F07 /* InfoViewController.swift in Sources */,
				FA130F731FCE942600F6A72B /* Node.swift in Sources */,
				FA130F681FCE942600F6A72B /* GethPeerInfos.swift in Sources */,
				FA130F791FCE942600F6A72B /* Transaction.swift in Sources */,
				FA5AD6661FCA84C100A83F07 /* BabilonTabBarController.swift in Sources */,
				FA130F751FCE942600F6A72B /* NodeInfo.swift in Sources */,
				FA130F5D1FCE942600F6A72B /* ChainID.swift in Sources */,
				FA130F6C1FCE942600F6A72B /* FilterQuery.swift in Sources */,
				FA130F6D1FCE942600F6A72B /* Geth.swift in Sources */,
				FA5AD6681FCAB92800A83F07 /* BalanceHandler.swift in Sources */,
				FABB89D91FC0236B00C5F442 /* AppDelegate.swift in Sources */,
				FA5AD6491FC315AD00A83F07 /* TransactionViewController.swift in Sources */,
				FA130F761FCE942600F6A72B /* Nonce.swift in Sources */,
				FA130F5B1FCE942600F6A72B /* Block.swift in Sources */,
				FA130F691FCE942600F6A72B /* GethStrings.swift in Sources */,
				FA130F721FCE942600F6A72B /* Message.swift in Sources */,
				FA130F6E1FCE942600F6A72B /* Hash.swift in Sources */,
				FA130F611FCE942600F6A72B /* EthereumClient.swift in Sources */,
				FA130F8A1FCEF70D00F6A72B /* TimeInterval.swift in Sources */,
				FA130F7A1FCE942600F6A72B /* TransactOptions.swift in Sources */,
				FA130F8D1FCEF70D00F6A72B /* JSONDictionary.swift in Sources */,
				FA130F5C1FCE942600F6A72B /* Bloom.swift in Sources */,
				FA130F6F1FCE942600F6A72B /* Header.swift in Sources */,
				FA130F881FCEF70D00F6A72B /* Int64.swift in Sources */,
				FA130F8B1FCEF70D00F6A72B /* BlockNumber.swift in Sources */,
				FA130F6A1FCE942600F6A72B /* GethTopics.swift in Sources */,
				FA130F5E1FCE942600F6A72B /* Context.swift in Sources */,
				FA130F741FCE942600F6A72B /* NodeConfig.swift in Sources */,
				FA130F701FCE942600F6A72B /* KeyStore.swift in Sources */,
				FA130F5A1FCE942600F6A72B /* Address.swift in Sources */,
				FA130F771FCE942600F6A72B /* PeerInfo.swift in Sources */,
				FA130F8C1FCEF70D00F6A72B /* Gas.swift in Sources */,
				FA130F871FCEF70D00F6A72B /* BigInt.swift in Sources */,
				FA130F621FCE942600F6A72B /* BigInt+Geth.swift in Sources */,
				FA130F8E1FCEF70D00F6A72B /* Topic.swift in Sources */,
				FA130F671FCE942600F6A72B /* GethLogs.swift in Sources */,
				FA130F5F1FCE942600F6A72B /* ERC20Token.swift in Sources */,
				FA130F641FCE942600F6A72B /* GethBigInt.swift in Sources */,
				FA130F661FCE942600F6A72B /* GethHeaders.swift in Sources */,
				FA130F601FCE942600F6A72B /* Error.swift in Sources */,
				FA130F711FCE942600F6A72B /* Log.swift in Sources */,
				FA130F591FCE942600F6A72B /* Account.swift in Sources */,
				FA130F6B1FCE942600F6A72B /* GethTransactions.swift in Sources */,
				FA130F631FCE942600F6A72B /* GethAddresses.swift in Sources */,
				FA130F781FCE942600F6A72B /* SyncProgress.swift in Sources */,
				FA130F8F1FCEF70D00F6A72B /* Wei.swift in Sources */,
			);
			runOnlyForDeploymentPostprocessing = 0;
		};
/* End PBXSourcesBuildPhase section */

/* Begin PBXVariantGroup section */
		FABB89DC1FC0236B00C5F442 /* Main.storyboard */ = {
			isa = PBXVariantGroup;
			children = (
				FABB89DD1FC0236B00C5F442 /* Base */,
			);
			name = Main.storyboard;
			sourceTree = "<group>";
		};
		FABB89E11FC0236B00C5F442 /* LaunchScreen.storyboard */ = {
			isa = PBXVariantGroup;
			children = (
				FABB89E21FC0236B00C5F442 /* Base */,
			);
			name = LaunchScreen.storyboard;
			sourceTree = "<group>";
		};
/* End PBXVariantGroup section */

/* Begin XCBuildConfiguration section */
		FABB89E51FC0236B00C5F442 /* Debug */ = {
			isa = XCBuildConfiguration;
			buildSettings = {
				ALWAYS_SEARCH_USER_PATHS = NO;
				CLANG_ANALYZER_NONNULL = YES;
				CLANG_ANALYZER_NUMBER_OBJECT_CONVERSION = YES_AGGRESSIVE;
				CLANG_CXX_LANGUAGE_STANDARD = "gnu++14";
				CLANG_CXX_LIBRARY = "libc++";
				CLANG_ENABLE_MODULES = YES;
				CLANG_ENABLE_OBJC_ARC = YES;
				CLANG_WARN_BLOCK_CAPTURE_AUTORELEASING = YES;
				CLANG_WARN_BOOL_CONVERSION = YES;
				CLANG_WARN_COMMA = YES;
				CLANG_WARN_CONSTANT_CONVERSION = YES;
				CLANG_WARN_DIRECT_OBJC_ISA_USAGE = YES_ERROR;
				CLANG_WARN_DOCUMENTATION_COMMENTS = YES;
				CLANG_WARN_EMPTY_BODY = YES;
				CLANG_WARN_ENUM_CONVERSION = YES;
				CLANG_WARN_INFINITE_RECURSION = YES;
				CLANG_WARN_INT_CONVERSION = YES;
				CLANG_WARN_NON_LITERAL_NULL_CONVERSION = YES;
				CLANG_WARN_OBJC_LITERAL_CONVERSION = YES;
				CLANG_WARN_OBJC_ROOT_CLASS = YES_ERROR;
				CLANG_WARN_RANGE_LOOP_ANALYSIS = YES;
				CLANG_WARN_STRICT_PROTOTYPES = YES;
				CLANG_WARN_SUSPICIOUS_MOVE = YES;
				CLANG_WARN_UNGUARDED_AVAILABILITY = YES_AGGRESSIVE;
				CLANG_WARN_UNREACHABLE_CODE = YES;
				CLANG_WARN__DUPLICATE_METHOD_MATCH = YES;
				CODE_SIGN_IDENTITY = "iPhone Developer";
				COPY_PHASE_STRIP = NO;
				DEBUG_INFORMATION_FORMAT = dwarf;
				ENABLE_BITCODE = NO;
				ENABLE_STRICT_OBJC_MSGSEND = YES;
				ENABLE_TESTABILITY = YES;
				GCC_C_LANGUAGE_STANDARD = gnu11;
				GCC_DYNAMIC_NO_PIC = NO;
				GCC_NO_COMMON_BLOCKS = YES;
				GCC_OPTIMIZATION_LEVEL = 0;
				GCC_PREPROCESSOR_DEFINITIONS = (
					"DEBUG=1",
					"$(inherited)",
				);
				GCC_WARN_64_TO_32_BIT_CONVERSION = YES;
				GCC_WARN_ABOUT_RETURN_TYPE = YES_ERROR;
				GCC_WARN_UNDECLARED_SELECTOR = YES;
				GCC_WARN_UNINITIALIZED_AUTOS = YES_AGGRESSIVE;
				GCC_WARN_UNUSED_FUNCTION = YES;
				GCC_WARN_UNUSED_VARIABLE = YES;
				IPHONEOS_DEPLOYMENT_TARGET = 11.1;
				LIBRARY_SEARCH_PATHS = "";
				MTL_ENABLE_DEBUG_INFO = YES;
				ONLY_ACTIVE_ARCH = YES;
				SDKROOT = iphoneos;
				SWIFT_ACTIVE_COMPILATION_CONDITIONS = DEBUG;
				SWIFT_OPTIMIZATION_LEVEL = "-Onone";
			};
			name = Debug;
		};
		FABB89E61FC0236B00C5F442 /* Release */ = {
			isa = XCBuildConfiguration;
			buildSettings = {
				ALWAYS_SEARCH_USER_PATHS = NO;
				CLANG_ANALYZER_NONNULL = YES;
				CLANG_ANALYZER_NUMBER_OBJECT_CONVERSION = YES_AGGRESSIVE;
				CLANG_CXX_LANGUAGE_STANDARD = "gnu++14";
				CLANG_CXX_LIBRARY = "libc++";
				CLANG_ENABLE_MODULES = YES;
				CLANG_ENABLE_OBJC_ARC = YES;
				CLANG_WARN_BLOCK_CAPTURE_AUTORELEASING = YES;
				CLANG_WARN_BOOL_CONVERSION = YES;
				CLANG_WARN_COMMA = YES;
				CLANG_WARN_CONSTANT_CONVERSION = YES;
				CLANG_WARN_DIRECT_OBJC_ISA_USAGE = YES_ERROR;
				CLANG_WARN_DOCUMENTATION_COMMENTS = YES;
				CLANG_WARN_EMPTY_BODY = YES;
				CLANG_WARN_ENUM_CONVERSION = YES;
				CLANG_WARN_INFINITE_RECURSION = YES;
				CLANG_WARN_INT_CONVERSION = YES;
				CLANG_WARN_NON_LITERAL_NULL_CONVERSION = YES;
				CLANG_WARN_OBJC_LITERAL_CONVERSION = YES;
				CLANG_WARN_OBJC_ROOT_CLASS = YES_ERROR;
				CLANG_WARN_RANGE_LOOP_ANALYSIS = YES;
				CLANG_WARN_STRICT_PROTOTYPES = YES;
				CLANG_WARN_SUSPICIOUS_MOVE = YES;
				CLANG_WARN_UNGUARDED_AVAILABILITY = YES_AGGRESSIVE;
				CLANG_WARN_UNREACHABLE_CODE = YES;
				CLANG_WARN__DUPLICATE_METHOD_MATCH = YES;
				CODE_SIGN_IDENTITY = "iPhone Developer";
				COPY_PHASE_STRIP = NO;
				DEBUG_INFORMATION_FORMAT = "dwarf-with-dsym";
				ENABLE_BITCODE = NO;
				ENABLE_NS_ASSERTIONS = NO;
				ENABLE_STRICT_OBJC_MSGSEND = YES;
				GCC_C_LANGUAGE_STANDARD = gnu11;
				GCC_NO_COMMON_BLOCKS = YES;
				GCC_WARN_64_TO_32_BIT_CONVERSION = YES;
				GCC_WARN_ABOUT_RETURN_TYPE = YES_ERROR;
				GCC_WARN_UNDECLARED_SELECTOR = YES;
				GCC_WARN_UNINITIALIZED_AUTOS = YES_AGGRESSIVE;
				GCC_WARN_UNUSED_FUNCTION = YES;
				GCC_WARN_UNUSED_VARIABLE = YES;
				IPHONEOS_DEPLOYMENT_TARGET = 11.1;
				LIBRARY_SEARCH_PATHS = "";
				MTL_ENABLE_DEBUG_INFO = NO;
				ONLY_ACTIVE_ARCH = YES;
				SDKROOT = iphoneos;
				SWIFT_OPTIMIZATION_LEVEL = "-Owholemodule";
				VALIDATE_PRODUCT = YES;
			};
			name = Release;
		};
		FABB89E81FC0236B00C5F442 /* Debug */ = {
			isa = XCBuildConfiguration;
			baseConfigurationReference = ACD78A27B72A1FBAB96FD391 /* Pods-Babilon2.debug.xcconfig */;
			buildSettings = {
				ASSETCATALOG_COMPILER_APPICON_NAME = AppIcon;
				CODE_SIGN_ENTITLEMENTS = Babilon2/Babilon2.entitlements;
				CODE_SIGN_STYLE = Automatic;
				DEVELOPMENT_TEAM = U7U3XPSX54;
				ENABLE_BITCODE = NO;
				INFOPLIST_FILE = Babilon2/Info.plist;
				LD_RUNPATH_SEARCH_PATHS = "$(inherited) @executable_path/Frameworks";
				LIBRARY_SEARCH_PATHS = "$(inherited)";
				ONLY_ACTIVE_ARCH = YES;
				PRODUCT_BUNDLE_IDENTIFIER = com.yuya.Babilon2;
				PRODUCT_NAME = "$(TARGET_NAME)";
				SWIFT_VERSION = 4.0;
				TARGETED_DEVICE_FAMILY = "1,2";
			};
			name = Debug;
		};
		FABB89E91FC0236B00C5F442 /* Release */ = {
			isa = XCBuildConfiguration;
			baseConfigurationReference = A60956EF32DD7662CC30A5F0 /* Pods-Babilon2.release.xcconfig */;
			buildSettings = {
				ASSETCATALOG_COMPILER_APPICON_NAME = AppIcon;
				CODE_SIGN_ENTITLEMENTS = Babilon2/Babilon2.entitlements;
				CODE_SIGN_STYLE = Automatic;
				DEVELOPMENT_TEAM = U7U3XPSX54;
				ENABLE_BITCODE = NO;
				INFOPLIST_FILE = Babilon2/Info.plist;
				LD_RUNPATH_SEARCH_PATHS = "$(inherited) @executable_path/Frameworks";
				LIBRARY_SEARCH_PATHS = "$(inherited)";
				ONLY_ACTIVE_ARCH = YES;
				PRODUCT_BUNDLE_IDENTIFIER = com.yuya.Babilon2;
				PRODUCT_NAME = "$(TARGET_NAME)";
				SWIFT_VERSION = 4.0;
				TARGETED_DEVICE_FAMILY = "1,2";
			};
			name = Release;
		};
/* End XCBuildConfiguration section */

/* Begin XCConfigurationList section */
		FABB89D01FC0236B00C5F442 /* Build configuration list for PBXProject "Babilon2" */ = {
			isa = XCConfigurationList;
			buildConfigurations = (
				FABB89E51FC0236B00C5F442 /* Debug */,
				FABB89E61FC0236B00C5F442 /* Release */,
			);
			defaultConfigurationIsVisible = 0;
			defaultConfigurationName = Release;
		};
		FABB89E71FC0236B00C5F442 /* Build configuration list for PBXNativeTarget "Babilon2" */ = {
			isa = XCConfigurationList;
			buildConfigurations = (
				FABB89E81FC0236B00C5F442 /* Debug */,
				FABB89E91FC0236B00C5F442 /* Release */,
			);
			defaultConfigurationIsVisible = 0;
			defaultConfigurationName = Release;
		};
/* End XCConfigurationList section */
	};
	rootObject = FABB89CD1FC0236B00C5F442 /* Project object */;
}
